// !$*UTF8*$!
{
	archiveVersion = 1;
	classes = {
	};
	objectVersion = 77;
	objects = {

/* Begin PBXBuildFile section */
		DD8474912F3860C600224FBD /* TailwindSwiftUI in Frameworks */ = {isa = PBXBuildFile; productRef = DD8474902F3860C600224FBD /* TailwindSwiftUI */; };
		DD8474932F3860C600224FBD /* TailwindLinter in Frameworks */ = {isa = PBXBuildFile; productRef = DD8474922F3860C600224FBD /* TailwindLinter */; };
/* End PBXBuildFile section */

/* Begin PBXContainerItemProxy section */
		DDBB8F962F381B3700FDAB2D /* PBXContainerItemProxy */ = {
			isa = PBXContainerItemProxy;
			containerPortal = DDBB8F7E2F381B3500FDAB2D /* Project object */;
			proxyType = 1;
			remoteGlobalIDString = DDBB8F852F381B3500FDAB2D;
			remoteInfo = TailwindSwiftUIExamples;
		};
		DDBB8FA02F381B3700FDAB2D /* PBXContainerItemProxy */ = {
			isa = PBXContainerItemProxy;
			containerPortal = DDBB8F7E2F381B3500FDAB2D /* Project object */;
			proxyType = 1;
			remoteGlobalIDString = DDBB8F852F381B3500FDAB2D;
			remoteInfo = TailwindSwiftUIExamples;
		};
/* End PBXContainerItemProxy section */

/* Begin PBXFileReference section */
		DDBB8F862F381B3500FDAB2D /* TailwindSwiftUIExamples.app */ = {isa = PBXFileReference; explicitFileType = wrapper.application; includeInIndex = 0; path = TailwindSwiftUIExamples.app; sourceTree = BUILT_PRODUCTS_DIR; };
		DDBB8F952F381B3700FDAB2D /* TailwindSwiftUIExamplesTests.xctest */ = {isa = PBXFileReference; explicitFileType = wrapper.cfbundle; includeInIndex = 0; path = TailwindSwiftUIExamplesTests.xctest; sourceTree = BUILT_PRODUCTS_DIR; };
		DDBB8F9F2F381B3700FDAB2D /* TailwindSwiftUIExamplesUITests.xctest */ = {isa = PBXFileReference; explicitFileType = wrapper.cfbundle; includeInIndex = 0; path = TailwindSwiftUIExamplesUITests.xctest; sourceTree = BUILT_PRODUCTS_DIR; };
/* End PBXFileReference section */

/* Begin PBXFileSystemSynchronizedRootGroup section */
		DDBB8F882F381B3500FDAB2D /* TailwindSwiftUIExamples */ = {
			isa = PBXFileSystemSynchronizedRootGroup;
			path = TailwindSwiftUIExamples;
			sourceTree = "<group>";
		};
		DDBB8F982F381B3700FDAB2D /* TailwindSwiftUIExamplesTests */ = {
			isa = PBXFileSystemSynchronizedRootGroup;
			path = TailwindSwiftUIExamplesTests;
			sourceTree = "<group>";
		};
		DDBB8FA22F381B3700FDAB2D /* TailwindSwiftUIExamplesUITests */ = {
			isa = PBXFileSystemSynchronizedRootGroup;
			path = TailwindSwiftUIExamplesUITests;
			sourceTree = "<group>";
		};
/* End PBXFileSystemSynchronizedRootGroup section */

/* Begin PBXFrameworksBuildPhase section */
		DDBB8F832F381B3500FDAB2D /* Frameworks */ = {
			isa = PBXFrameworksBuildPhase;
			buildActionMask = 2147483647;
			files = (
				DD8474932F3860C600224FBD /* TailwindLinter in Frameworks */,
				DD8474912F3860C600224FBD /* TailwindSwiftUI in Frameworks */,
			);
			runOnlyForDeploymentPostprocessing = 0;
		};
		DDBB8F922F381B3700FDAB2D /* Frameworks */ = {
			isa = PBXFrameworksBuildPhase;
			buildActionMask = 2147483647;
			files = (
			);
			runOnlyForDeploymentPostprocessing = 0;
		};
		DDBB8F9C2F381B3700FDAB2D /* Frameworks */ = {
			isa = PBXFrameworksBuildPhase;
			buildActionMask = 2147483647;
			files = (
			);
			runOnlyForDeploymentPostprocessing = 0;
		};
/* End PBXFrameworksBuildPhase section */

/* Begin PBXGroup section */
		DDBB8F7D2F381B3500FDAB2D = {
			isa = PBXGroup;
			children = (
				DDBB8F882F381B3500FDAB2D /* TailwindSwiftUIExamples */,
				DDBB8F982F381B3700FDAB2D /* TailwindSwiftUIExamplesTests */,
				DDBB8FA22F381B3700FDAB2D /* TailwindSwiftUIExamplesUITests */,
				DDBB8F872F381B3500FDAB2D /* Products */,
			);
			sourceTree = "<group>";
		};
		DDBB8F872F381B3500FDAB2D /* Products */ = {
			isa = PBXGroup;
			children = (
				DDBB8F862F381B3500FDAB2D /* TailwindSwiftUIExamples.app */,
				DDBB8F952F381B3700FDAB2D /* TailwindSwiftUIExamplesTests.xctest */,
				DDBB8F9F2F381B3700FDAB2D /* TailwindSwiftUIExamplesUITests.xctest */,
			);
			name = Products;
			sourceTree = "<group>";
		};
/* End PBXGroup section */

/* Begin PBXNativeTarget section */
		DDBB8F852F381B3500FDAB2D /* TailwindSwiftUIExamples */ = {
			isa = PBXNativeTarget;
			buildConfigurationList = DDBB8FA92F381B3700FDAB2D /* Build configuration list for PBXNativeTarget "TailwindSwiftUIExamples" */;
			buildPhases = (
				DDBB8F822F381B3500FDAB2D /* Sources */,
				DDBB8F832F381B3500FDAB2D /* Frameworks */,
				DDBB8F842F381B3500FDAB2D /* Resources */,
			);
			buildRules = (
			);
			dependencies = (
			);
			fileSystemSynchronizedGroups = (
				DDBB8F882F381B3500FDAB2D /* TailwindSwiftUIExamples */,
			);
			name = TailwindSwiftUIExamples;
			packageProductDependencies = (
				DD8474902F3860C600224FBD /* TailwindSwiftUI */,
				DD8474922F3860C600224FBD /* TailwindLinter */,
			);
			productName = TailwindSwiftUIExamples;
			productReference = DDBB8F862F381B3500FDAB2D /* TailwindSwiftUIExamples.app */;
			productType = "com.apple.product-type.application";
		};
		DDBB8F942F381B3700FDAB2D /* TailwindSwiftUIExamplesTests */ = {
			isa = PBXNativeTarget;
			buildConfigurationList = DDBB8FAC2F381B3700FDAB2D /* Build configuration list for PBXNativeTarget "TailwindSwiftUIExamplesTests" */;
			buildPhases = (
				DDBB8F912F381B3700FDAB2D /* Sources */,
				DDBB8F922F381B3700FDAB2D /* Frameworks */,
				DDBB8F932F381B3700FDAB2D /* Resources */,
			);
			buildRules = (
			);
			dependencies = (
				DDBB8F972F381B3700FDAB2D /* PBXTargetDependency */,
			);
			fileSystemSynchronizedGroups = (
				DDBB8F982F381B3700FDAB2D /* TailwindSwiftUIExamplesTests */,
			);
			name = TailwindSwiftUIExamplesTests;
			packageProductDependencies = (
			);
			productName = TailwindSwiftUIExamplesTests;
			productReference = DDBB8F952F381B3700FDAB2D /* TailwindSwiftUIExamplesTests.xctest */;
			productType = "com.apple.product-type.bundle.unit-test";
		};
		DDBB8F9E2F381B3700FDAB2D /* TailwindSwiftUIExamplesUITests */ = {
			isa = PBXNativeTarget;
			buildConfigurationList = DDBB8FAF2F381B3700FDAB2D /* Build configuration list for PBXNativeTarget "TailwindSwiftUIExamplesUITests" */;
			buildPhases = (
				DDBB8F9B2F381B3700FDAB2D /* Sources */,
				DDBB8F9C2F381B3700FDAB2D /* Frameworks */,
				DDBB8F9D2F381B3700FDAB2D /* Resources */,
			);
			buildRules = (
			);
			dependencies = (
				DDBB8FA12F381B3700FDAB2D /* PBXTargetDependency */,
			);
			fileSystemSynchronizedGroups = (
				DDBB8FA22F381B3700FDAB2D /* TailwindSwiftUIExamplesUITests */,
			);
			name = TailwindSwiftUIExamplesUITests;
			packageProductDependencies = (
			);
			productName = TailwindSwiftUIExamplesUITests;
			productReference = DDBB8F9F2F381B3700FDAB2D /* TailwindSwiftUIExamplesUITests.xctest */;
			productType = "com.apple.product-type.bundle.ui-testing";
		};
/* End PBXNativeTarget section */

/* Begin PBXProject section */
		DDBB8F7E2F381B3500FDAB2D /* Project object */ = {
			isa = PBXProject;
			attributes = {
				BuildIndependentTargetsInParallel = 1;
				LastSwiftUpdateCheck = 2630;
				LastUpgradeCheck = 2630;
				TargetAttributes = {
					DDBB8F852F381B3500FDAB2D = {
						CreatedOnToolsVersion = 26.3;
					};
					DDBB8F942F381B3700FDAB2D = {
						CreatedOnToolsVersion = 26.3;
						TestTargetID = DDBB8F852F381B3500FDAB2D;
					};
					DDBB8F9E2F381B3700FDAB2D = {
						CreatedOnToolsVersion = 26.3;
						TestTargetID = DDBB8F852F381B3500FDAB2D;
					};
				};
			};
			buildConfigurationList = DDBB8F812F381B3500FDAB2D /* Build configuration list for PBXProject "TailwindSwiftUIExamples" */;
			developmentRegion = en;
			hasScannedForEncodings = 0;
			knownRegions = (
				en,
				Base,
			);
			mainGroup = DDBB8F7D2F381B3500FDAB2D;
			minimizedProjectReferenceProxies = 1;
			packageReferences = (
				DD84748F2F3860C600224FBD /* XCLocalSwiftPackageReference "../TailwindSwiftUI" */,
			);
			preferredProjectObjectVersion = 77;
			productRefGroup = DDBB8F872F381B3500FDAB2D /* Products */;
			projectDirPath = "";
			projectRoot = "";
			targets = (
				DDBB8F852F381B3500FDAB2D /* TailwindSwiftUIExamples */,
				DDBB8F942F381B3700FDAB2D /* TailwindSwiftUIExamplesTests */,
				DDBB8F9E2F381B3700FDAB2D /* TailwindSwiftUIExamplesUITests */,
			);
		};
/* End PBXProject section */

/* Begin PBXResourcesBuildPhase section */
		DDBB8F842F381B3500FDAB2D /* Resources */ = {
			isa = PBXResourcesBuildPhase;
			buildActionMask = 2147483647;
			files = (
			);
			runOnlyForDeploymentPostprocessing = 0;
		};
		DDBB8F932F381B3700FDAB2D /* Resources */ = {
			isa = PBXResourcesBuildPhase;
			buildActionMask = 2147483647;
			files = (
			);
			runOnlyForDeploymentPostprocessing = 0;
		};
		DDBB8F9D2F381B3700FDAB2D /* Resources */ = {
			isa = PBXResourcesBuildPhase;
			buildActionMask = 2147483647;
			files = (
			);
			runOnlyForDeploymentPostprocessing = 0;
		};
/* End PBXResourcesBuildPhase section */

/* Begin PBXSourcesBuildPhase section */
		DDBB8F822F381B3500FDAB2D /* Sources */ = {
			isa = PBXSourcesBuildPhase;
			buildActionMask = 2147483647;
			files = (
			);
			runOnlyForDeploymentPostprocessing = 0;
		};
		DDBB8F912F381B3700FDAB2D /* Sources */ = {
			isa = PBXSourcesBuildPhase;
			buildActionMask = 2147483647;
			files = (
			);
			runOnlyForDeploymentPostprocessing = 0;
		};
		DDBB8F9B2F381B3700FDAB2D /* Sources */ = {
			isa = PBXSourcesBuildPhase;
			buildActionMask = 2147483647;
			files = (
			);
			runOnlyForDeploymentPostprocessing = 0;
		};
/* End PBXSourcesBuildPhase section */

/* Begin PBXTargetDependency section */
		DDBB8F972F381B3700FDAB2D /* PBXTargetDependency */ = {
			isa = PBXTargetDependency;
			target = DDBB8F852F381B3500FDAB2D /* TailwindSwiftUIExamples */;
			targetProxy = DDBB8F962F381B3700FDAB2D /* PBXContainerItemProxy */;
		};
		DDBB8FA12F381B3700FDAB2D /* PBXTargetDependency */ = {
			isa = PBXTargetDependency;
			target = DDBB8F852F381B3500FDAB2D /* TailwindSwiftUIExamples */;
			targetProxy = DDBB8FA02F381B3700FDAB2D /* PBXContainerItemProxy */;
		};
/* End PBXTargetDependency section */

/* Begin XCBuildConfiguration section */
		DDBB8FA72F381B3700FDAB2D /* Debug */ = {
			isa = XCBuildConfiguration;
			buildSettings = {
				ALWAYS_SEARCH_USER_PATHS = NO;
				ASSETCATALOG_COMPILER_GENERATE_SWIFT_ASSET_SYMBOL_EXTENSIONS = YES;
				CLANG_ANALYZER_NONNULL = YES;
				CLANG_ANALYZER_NUMBER_OBJECT_CONVERSION = YES_AGGRESSIVE;
				CLANG_CXX_LANGUAGE_STANDARD = "gnu++20";
				CLANG_ENABLE_MODULES = YES;
				CLANG_ENABLE_OBJC_ARC = YES;
				CLANG_ENABLE_OBJC_WEAK = YES;
				CLANG_WARN_BLOCK_CAPTURE_AUTORELEASING = YES;
				CLANG_WARN_BOOL_CONVERSION = YES;
				CLANG_WARN_COMMA = YES;
				CLANG_WARN_CONSTANT_CONVERSION = YES;
				CLANG_WARN_DEPRECATED_OBJC_IMPLEMENTATIONS = YES;
				CLANG_WARN_DIRECT_OBJC_ISA_USAGE = YES_ERROR;
				CLANG_WARN_DOCUMENTATION_COMMENTS = YES;
				CLANG_WARN_EMPTY_BODY = YES;
				CLANG_WARN_ENUM_CONVERSION = YES;
				CLANG_WARN_INFINITE_RECURSION = YES;
				CLANG_WARN_INT_CONVERSION = YES;
				CLANG_WARN_NON_LITERAL_NULL_CONVERSION = YES;
				CLANG_WARN_OBJC_IMPLICIT_RETAIN_SELF = YES;
				CLANG_WARN_OBJC_LITERAL_CONVERSION = YES;
				CLANG_WARN_OBJC_ROOT_CLASS = YES_ERROR;
				CLANG_WARN_QUOTED_INCLUDE_IN_FRAMEWORK_HEADER = YES;
				CLANG_WARN_RANGE_LOOP_ANALYSIS = YES;
				CLANG_WARN_STRICT_PROTOTYPES = YES;
				CLANG_WARN_SUSPICIOUS_MOVE = YES;
				CLANG_WARN_UNGUARDED_AVAILABILITY = YES_AGGRESSIVE;
				CLANG_WARN_UNREACHABLE_CODE = YES;
				CLANG_WARN__DUPLICATE_METHOD_MATCH = YES;
				COPY_PHASE_STRIP = NO;
				DEBUG_INFORMATION_FORMAT = dwarf;
				DEVELOPMENT_TEAM = F5NHTUTTLB;
				ENABLE_STRICT_OBJC_MSGSEND = YES;
				ENABLE_TESTABILITY = YES;
				ENABLE_USER_SCRIPT_SANDBOXING = YES;
				GCC_C_LANGUAGE_STANDARD = gnu17;
				GCC_DYNAMIC_NO_PIC = NO;
				GCC_NO_COMMON_BLOCKS = YES;
				GCC_OPTIMIZATION_LEVEL = 0;
				GCC_PREPROCESSOR_DEFINITIONS = (
					"DEBUG=1",
					"$(inherited)",
				);
				GCC_WARN_64_TO_32_BIT_CONVERSION = YES;
				GCC_WARN_ABOUT_RETURN_TYPE = YES_ERROR;
				GCC_WARN_UNDECLARED_SELECTOR = YES;
				GCC_WARN_UNINITIALIZED_AUTOS = YES_AGGRESSIVE;
				GCC_WARN_UNUSED_FUNCTION = YES;
				GCC_WARN_UNUSED_VARIABLE = YES;
				LOCALIZATION_PREFERS_STRING_CATALOGS = YES;
				MACOSX_DEPLOYMENT_TARGET = 26.2;
				MTL_ENABLE_DEBUG_INFO = INCLUDE_SOURCE;
				MTL_FAST_MATH = YES;
				ONLY_ACTIVE_ARCH = YES;
				SDKROOT = macosx;
				SWIFT_ACTIVE_COMPILATION_CONDITIONS = "DEBUG $(inherited)";
				SWIFT_OPTIMIZATION_LEVEL = "-Onone";
			};
			name = Debug;
		};
		DDBB8FA82F381B3700FDAB2D /* Release */ = {
			isa = XCBuildConfiguration;
			buildSettings = {
				ALWAYS_SEARCH_USER_PATHS = NO;
				ASSETCATALOG_COMPILER_GENERATE_SWIFT_ASSET_SYMBOL_EXTENSIONS = YES;
				CLANG_ANALYZER_NONNULL = YES;
				CLANG_ANALYZER_NUMBER_OBJECT_CONVERSION = YES_AGGRESSIVE;
				CLANG_CXX_LANGUAGE_STANDARD = "gnu++20";
				CLANG_ENABLE_MODULES = YES;
				CLANG_ENABLE_OBJC_ARC = YES;
				CLANG_ENABLE_OBJC_WEAK = YES;
				CLANG_WARN_BLOCK_CAPTURE_AUTORELEASING = YES;
				CLANG_WARN_BOOL_CONVERSION = YES;
				CLANG_WARN_COMMA = YES;
				CLANG_WARN_CONSTANT_CONVERSION = YES;
				CLANG_WARN_DEPRECATED_OBJC_IMPLEMENTATIONS = YES;
				CLANG_WARN_DIRECT_OBJC_ISA_USAGE = YES_ERROR;
				CLANG_WARN_DOCUMENTATION_COMMENTS = YES;
				CLANG_WARN_EMPTY_BODY = YES;
				CLANG_WARN_ENUM_CONVERSION = YES;
				CLANG_WARN_INFINITE_RECURSION = YES;
				CLANG_WARN_INT_CONVERSION = YES;
				CLANG_WARN_NON_LITERAL_NULL_CONVERSION = YES;
				CLANG_WARN_OBJC_IMPLICIT_RETAIN_SELF = YES;
				CLANG_WARN_OBJC_LITERAL_CONVERSION = YES;
				CLANG_WARN_OBJC_ROOT_CLASS = YES_ERROR;
				CLANG_WARN_QUOTED_INCLUDE_IN_FRAMEWORK_HEADER = YES;
				CLANG_WARN_RANGE_LOOP_ANALYSIS = YES;
				CLANG_WARN_STRICT_PROTOTYPES = YES;
				CLANG_WARN_SUSPICIOUS_MOVE = YES;
				CLANG_WARN_UNGUARDED_AVAILABILITY = YES_AGGRESSIVE;
				CLANG_WARN_UNREACHABLE_CODE = YES;
				CLANG_WARN__DUPLICATE_METHOD_MATCH = YES;
				COPY_PHASE_STRIP = NO;
				DEBUG_INFORMATION_FORMAT = "dwarf-with-dsym";
				DEVELOPMENT_TEAM = F5NHTUTTLB;
				ENABLE_NS_ASSERTIONS = NO;
				ENABLE_STRICT_OBJC_MSGSEND = YES;
				ENABLE_USER_SCRIPT_SANDBOXING = YES;
				GCC_C_LANGUAGE_STANDARD = gnu17;
				GCC_NO_COMMON_BLOCKS = YES;
				GCC_WARN_64_TO_32_BIT_CONVERSION = YES;
				GCC_WARN_ABOUT_RETURN_TYPE = YES_ERROR;
				GCC_WARN_UNDECLARED_SELECTOR = YES;
				GCC_WARN_UNINITIALIZED_AUTOS = YES_AGGRESSIVE;
				GCC_WARN_UNUSED_FUNCTION = YES;
				GCC_WARN_UNUSED_VARIABLE = YES;
				LOCALIZATION_PREFERS_STRING_CATALOGS = YES;
				MACOSX_DEPLOYMENT_TARGET = 26.2;
				MTL_ENABLE_DEBUG_INFO = NO;
				MTL_FAST_MATH = YES;
				SDKROOT = macosx;
				SWIFT_COMPILATION_MODE = wholemodule;
			};
			name = Release;
		};
		DDBB8FAA2F381B3700FDAB2D /* Debug */ = {
			isa = XCBuildConfiguration;
			buildSettings = {
				ASSETCATALOG_COMPILER_APPICON_NAME = AppIcon;
				ASSETCATALOG_COMPILER_GLOBAL_ACCENT_COLOR_NAME = AccentColor;
				AUTOMATION_APPLE_EVENTS = NO;
				"CODE_SIGN_IDENTITY[sdk=macosx*]" = "Apple Development";
				CODE_SIGN_STYLE = Automatic;
				COMBINE_HIDPI_IMAGES = YES;
				CURRENT_PROJECT_VERSION = 1;
				DEVELOPMENT_TEAM = F5NHTUTTLB;
				ENABLE_APP_SANDBOX = YES;
				ENABLE_HARDENED_RUNTIME = YES;
				ENABLE_PREVIEWS = YES;
				ENABLE_RESOURCE_ACCESS_AUDIO_INPUT = NO;
				ENABLE_RESOURCE_ACCESS_CALENDARS = NO;
				ENABLE_RESOURCE_ACCESS_CAMERA = NO;
				ENABLE_RESOURCE_ACCESS_CONTACTS = NO;
				ENABLE_RESOURCE_ACCESS_LOCATION = NO;
				ENABLE_RESOURCE_ACCESS_PHOTO_LIBRARY = NO;
				ENABLE_USER_SELECTED_FILES = readonly;
				GENERATE_INFOPLIST_FILE = YES;
				INFOPLIST_KEY_LSApplicationCategoryType = "public.app-category.developer-tools";
				INFOPLIST_KEY_NSHumanReadableCopyright = "";
				LD_RUNPATH_SEARCH_PATHS = (
					"$(inherited)",
					"@executable_path/../Frameworks",
				);
				MACOSX_DEPLOYMENT_TARGET = 26.0;
				MARKETING_VERSION = 1.0;
				PRODUCT_BUNDLE_IDENTIFIER = ekogenie.TailwindSwiftUIExamples;
				PRODUCT_NAME = "$(TARGET_NAME)";
				REGISTER_APP_GROUPS = YES;
				RUNTIME_EXCEPTION_ALLOW_DYLD_ENVIRONMENT_VARIABLES = YES;
				RUNTIME_EXCEPTION_ALLOW_JIT = NO;
				RUNTIME_EXCEPTION_ALLOW_UNSIGNED_EXECUTABLE_MEMORY = NO;
				RUNTIME_EXCEPTION_DEBUGGING_TOOL = NO;
				RUNTIME_EXCEPTION_DISABLE_EXECUTABLE_PAGE_PROTECTION = NO;
				RUNTIME_EXCEPTION_DISABLE_LIBRARY_VALIDATION = NO;
				STRING_CATALOG_GENERATE_SYMBOLS = YES;
				SWIFT_APPROACHABLE_CONCURRENCY = YES;
				SWIFT_DEFAULT_ACTOR_ISOLATION = MainActor;
				SWIFT_EMIT_LOC_STRINGS = YES;
				SWIFT_UPCOMING_FEATURE_MEMBER_IMPORT_VISIBILITY = YES;
				SWIFT_VERSION = 6.0;
			};
			name = Debug;
		};
		DDBB8FAB2F381B3700FDAB2D /* Release */ = {
			isa = XCBuildConfiguration;
			buildSettings = {
				ASSETCATALOG_COMPILER_APPICON_NAME = AppIcon;
				ASSETCATALOG_COMPILER_GLOBAL_ACCENT_COLOR_NAME = AccentColor;
				AUTOMATION_APPLE_EVENTS = NO;
				"CODE_SIGN_IDENTITY[sdk=macosx*]" = "Apple Development";
				CODE_SIGN_STYLE = Automatic;
				COMBINE_HIDPI_IMAGES = YES;
				CURRENT_PROJECT_VERSION = 1;
				DEVELOPMENT_TEAM = F5NHTUTTLB;
				ENABLE_APP_SANDBOX = YES;
				ENABLE_HARDENED_RUNTIME = YES;
				ENABLE_PREVIEWS = YES;
				ENABLE_RESOURCE_ACCESS_AUDIO_INPUT = NO;
				ENABLE_RESOURCE_ACCESS_CALENDARS = NO;
				ENABLE_RESOURCE_ACCESS_CAMERA = NO;
				ENABLE_RESOURCE_ACCESS_CONTACTS = NO;
				ENABLE_RESOURCE_ACCESS_LOCATION = NO;
				ENABLE_RESOURCE_ACCESS_PHOTO_LIBRARY = NO;
				ENABLE_USER_SELECTED_FILES = readonly;
				GENERATE_INFOPLIST_FILE = YES;
				INFOPLIST_KEY_LSApplicationCategoryType = "public.app-category.developer-tools";
				INFOPLIST_KEY_NSHumanReadableCopyright = "";
				LD_RUNPATH_SEARCH_PATHS = (
					"$(inherited)",
					"@executable_path/../Frameworks",
				);
				MACOSX_DEPLOYMENT_TARGET = 26.0;
				MARKETING_VERSION = 1.0;
				PRODUCT_BUNDLE_IDENTIFIER = ekogenie.TailwindSwiftUIExamples;
				PRODUCT_NAME = "$(TARGET_NAME)";
				REGISTER_APP_GROUPS = YES;
				RUNTIME_EXCEPTION_ALLOW_DYLD_ENVIRONMENT_VARIABLES = YES;
				RUNTIME_EXCEPTION_ALLOW_JIT = NO;
				RUNTIME_EXCEPTION_ALLOW_UNSIGNED_EXECUTABLE_MEMORY = NO;
				RUNTIME_EXCEPTION_DEBUGGING_TOOL = NO;
				RUNTIME_EXCEPTION_DISABLE_EXECUTABLE_PAGE_PROTECTION = NO;
				RUNTIME_EXCEPTION_DISABLE_LIBRARY_VALIDATION = NO;
				STRING_CATALOG_GENERATE_SYMBOLS = YES;
				SWIFT_APPROACHABLE_CONCURRENCY = YES;
				SWIFT_DEFAULT_ACTOR_ISOLATION = MainActor;
				SWIFT_EMIT_LOC_STRINGS = YES;
				SWIFT_UPCOMING_FEATURE_MEMBER_IMPORT_VISIBILITY = YES;
				SWIFT_VERSION = 6.0;
			};
			name = Release;
		};
		DDBB8FAD2F381B3700FDAB2D /* Debug */ = {
			isa = XCBuildConfiguration;
			buildSettings = {
				BUNDLE_LOADER = "$(TEST_HOST)";
				CODE_SIGN_STYLE = Automatic;
				CURRENT_PROJECT_VERSION = 1;
				DEVELOPMENT_TEAM = F5NHTUTTLB;
				GENERATE_INFOPLIST_FILE = YES;
				MACOSX_DEPLOYMENT_TARGET = 26.2;
				MARKETING_VERSION = 1.0;
				PRODUCT_BUNDLE_IDENTIFIER = ekogenie.TailwindSwiftUIExamplesTests;
				PRODUCT_NAME = "$(TARGET_NAME)";
				STRING_CATALOG_GENERATE_SYMBOLS = NO;
				SWIFT_APPROACHABLE_CONCURRENCY = YES;
				SWIFT_EMIT_LOC_STRINGS = NO;
				SWIFT_UPCOMING_FEATURE_MEMBER_IMPORT_VISIBILITY = YES;
				SWIFT_VERSION = 5.0;
				TEST_HOST = "$(BUILT_PRODUCTS_DIR)/TailwindSwiftUIExamples.app/$(BUNDLE_EXECUTABLE_FOLDER_PATH)/TailwindSwiftUIExamples";
			};
			name = Debug;
		};
		DDBB8FAE2F381B3700FDAB2D /* Release */ = {
			isa = XCBuildConfiguration;
			buildSettings = {
				BUNDLE_LOADER = "$(TEST_HOST)";
				CODE_SIGN_STYLE = Automatic;
				CURRENT_PROJECT_VERSION = 1;
				DEVELOPMENT_TEAM = F5NHTUTTLB;
				GENERATE_INFOPLIST_FILE = YES;
				MACOSX_DEPLOYMENT_TARGET = 26.2;
				MARKETING_VERSION = 1.0;
				PRODUCT_BUNDLE_IDENTIFIER = ekogenie.TailwindSwiftUIExamplesTests;
				PRODUCT_NAME = "$(TARGET_NAME)";
				STRING_CATALOG_GENERATE_SYMBOLS = NO;
				SWIFT_APPROACHABLE_CONCURRENCY = YES;
				SWIFT_EMIT_LOC_STRINGS = NO;
				SWIFT_UPCOMING_FEATURE_MEMBER_IMPORT_VISIBILITY = YES;
				SWIFT_VERSION = 5.0;
				TEST_HOST = "$(BUILT_PRODUCTS_DIR)/TailwindSwiftUIExamples.app/$(BUNDLE_EXECUTABLE_FOLDER_PATH)/TailwindSwiftUIExamples";
			};
			name = Release;
		};
		DDBB8FB02F381B3700FDAB2D /* Debug */ = {
			isa = XCBuildConfiguration;
			buildSettings = {
				CODE_SIGN_STYLE = Automatic;
				CURRENT_PROJECT_VERSION = 1;
				DEVELOPMENT_TEAM = F5NHTUTTLB;
				GENERATE_INFOPLIST_FILE = YES;
				MARKETING_VERSION = 1.0;
				PRODUCT_BUNDLE_IDENTIFIER = ekogenie.TailwindSwiftUIExamplesUITests;
				PRODUCT_NAME = "$(TARGET_NAME)";
				STRING_CATALOG_GENERATE_SYMBOLS = NO;
				SWIFT_APPROACHABLE_CONCURRENCY = YES;
				SWIFT_EMIT_LOC_STRINGS = NO;
				SWIFT_UPCOMING_FEATURE_MEMBER_IMPORT_VISIBILITY = YES;
				SWIFT_VERSION = 5.0;
				TEST_TARGET_NAME = TailwindSwiftUIExamples;
			};
			name = Debug;
		};
		DDBB8FB12F381B3700FDAB2D /* Release */ = {
			isa = XCBuildConfiguration;
			buildSettings = {
				CODE_SIGN_STYLE = Automatic;
				CURRENT_PROJECT_VERSION = 1;
				DEVELOPMENT_TEAM = F5NHTUTTLB;
				GENERATE_INFOPLIST_FILE = YES;
				MARKETING_VERSION = 1.0;
				PRODUCT_BUNDLE_IDENTIFIER = ekogenie.TailwindSwiftUIExamplesUITests;
				PRODUCT_NAME = "$(TARGET_NAME)";
				STRING_CATALOG_GENERATE_SYMBOLS = NO;
				SWIFT_APPROACHABLE_CONCURRENCY = YES;
				SWIFT_EMIT_LOC_STRINGS = NO;
				SWIFT_UPCOMING_FEATURE_MEMBER_IMPORT_VISIBILITY = YES;
				SWIFT_VERSION = 5.0;
				TEST_TARGET_NAME = TailwindSwiftUIExamples;
			};
			name = Release;
		};
/* End XCBuildConfiguration section */

/* Begin XCConfigurationList section */
		DDBB8F812F381B3500FDAB2D /* Build configuration list for PBXProject "TailwindSwiftUIExamples" */ = {
			isa = XCConfigurationList;
			buildConfigurations = (
				DDBB8FA72F381B3700FDAB2D /* Debug */,
				DDBB8FA82F381B3700FDAB2D /* Release */,
			);
			defaultConfigurationIsVisible = 0;
			defaultConfigurationName = Release;
		};
		DDBB8FA92F381B3700FDAB2D /* Build configuration list for PBXNativeTarget "TailwindSwiftUIExamples" */ = {
			isa = XCConfigurationList;
			buildConfigurations = (
				DDBB8FAA2F381B3700FDAB2D /* Debug */,
				DDBB8FAB2F381B3700FDAB2D /* Release */,
			);
			defaultConfigurationIsVisible = 0;
			defaultConfigurationName = Release;
		};
		DDBB8FAC2F381B3700FDAB2D /* Build configuration list for PBXNativeTarget "TailwindSwiftUIExamplesTests" */ = {
			isa = XCConfigurationList;
			buildConfigurations = (
				DDBB8FAD2F381B3700FDAB2D /* Debug */,
				DDBB8FAE2F381B3700FDAB2D /* Release */,
			);
			defaultConfigurationIsVisible = 0;
			defaultConfigurationName = Release;
		};
		DDBB8FAF2F381B3700FDAB2D /* Build configuration list for PBXNativeTarget "TailwindSwiftUIExamplesUITests" */ = {
			isa = XCConfigurationList;
			buildConfigurations = (
				DDBB8FB02F381B3700FDAB2D /* Debug */,
				DDBB8FB12F381B3700FDAB2D /* Release */,
			);
			defaultConfigurationIsVisible = 0;
			defaultConfigurationName = Release;
		};
/* End XCConfigurationList section */

/* Begin XCLocalSwiftPackageReference section */
		DD84748F2F3860C600224FBD /* XCLocalSwiftPackageReference "../TailwindSwiftUI" */ = {
			isa = XCLocalSwiftPackageReference;
			relativePath = ../TailwindSwiftUI;
		};
/* End XCLocalSwiftPackageReference section */

/* Begin XCSwiftPackageProductDependency section */
		DD8474902F3860C600224FBD /* TailwindSwiftUI */ = {
			isa = XCSwiftPackageProductDependency;
			productName = TailwindSwiftUI;
		};
		DD8474922F3860C600224FBD /* TailwindLinter */ = {
			isa = XCSwiftPackageProductDependency;
			productName = TailwindLinter;
		};
/* End XCSwiftPackageProductDependency section */
	};
	rootObject = DDBB8F7E2F381B3500FDAB2D /* Project object */;
}
